
Microsoft Visual Studio Solution File, Format Version 12.00
# Visual Studio Version 17
VisualStudioVersion = 17.0.31903.59
MinimumVisualStudioVersion = 10.0.40219.1
Project("{2150E333-8FDC-42A3-9474-1A3956D46DE8}") = "backend", "backend", "{E40CF2EB-6E5F-4C83-82ED-52039F98B16B}"
EndProject
Project("{2150E333-8FDC-42A3-9474-1A3956D46DE8}") = "src", "src", "{8A21881D-4EF2-4ED6-8E18-4CF37241405B}"
EndProject
Project("{FAE04EC0-301F-11D3-BF4B-00C04F79EFBC}") = "StudyAI.Domain", "backend\src\StudyAI.Domain\StudyAI.Domain.csproj", "{3D46598C-C3C1-43B7-A7D9-8BAD49344527}"
EndProject
Project("{FAE04EC0-301F-11D3-BF4B-00C04F79EFBC}") = "StudyAI.Application", "backend\src\StudyAI.Application\StudyAI.Application.csproj", "{003C30F8-C5F5-476C-AE6B-5A5D490D6785}"
EndProject
Project("{FAE04EC0-301F-11D3-BF4B-00C04F79EFBC}") = "StudyAI.Infrastructure", "backend\src\StudyAI.Infrastructure\StudyAI.Infrastructure.csproj", "{88724894-5EF7-45F2-8B29-BBDA6B848644}"
EndProject
Project("{FAE04EC0-301F-11D3-BF4B-00C04F79EFBC}") = "StudyAI.Contracts", "backend\src\StudyAI.Contracts\StudyAI.Contracts.csproj", "{0AFCC6DA-7AC7-4DE2-8791-F0C4EB2089A4}"
EndProject
Project("{FAE04EC0-301F-11D3-BF4B-00C04F79EFBC}") = "StudyAI.Api", "backend\src\StudyAI.Api\StudyAI.Api.csproj", "{A679F641-AA70-4D58-AC44-DDDC97BCC7AC}"
EndProject
Project("{2150E333-8FDC-42A3-9474-1A3956D46DE8}") = "tests", "tests", "{B2AF934F-B060-4013-B2AA-48DAB137A325}"
EndProject
Project("{FAE04EC0-301F-11D3-BF4B-00C04F79EFBC}") = "StudyAI.Domain.Tests", "backend\tests\StudyAI.Domain.Tests\StudyAI.Domain.Tests.csproj", "{B3B24089-A544-4E98-B079-8E7905BE04CE}"
EndProject
Project("{FAE04EC0-301F-11D3-BF4B-00C04F79EFBC}") = "StudyAI.Application.Tests", "backend\tests\StudyAI.Application.Tests\StudyAI.Application.Tests.csproj", "{BFD77384-FB61-470A-80E1-3D7995832AEB}"
EndProject
Project("{FAE04EC0-301F-11D3-BF4B-00C04F79EFBC}") = "StudyAI.Infrastructure.Tests", "backend\tests\StudyAI.Infrastructure.Tests\StudyAI.Infrastructure.Tests.csproj", "{A4C53421-8A59-4675-B33A-A2ECF0DC2FEB}"
EndProject
Project("{FAE04EC0-301F-11D3-BF4B-00C04F79EFBC}") = "StudyAI.Api.Tests", "backend\tests\StudyAI.Api.Tests\StudyAI.Api.Tests.csproj", "{FB02C401-F935-4EFA-8AA3-89298BA185E3}"
EndProject
Global
	GlobalSection(SolutionConfigurationPlatforms) = preSolution
		Debug|Any CPU = Debug|Any CPU
		Release|Any CPU = Release|Any CPU
	EndGlobalSection
	GlobalSection(SolutionProperties) = preSolution
		HideSolutionNode = FALSE
	EndGlobalSection
	GlobalSection(ProjectConfigurationPlatforms) = postSolution
		{3D46598C-C3C1-43B7-A7D9-8BAD49344527}.Debug|Any CPU.ActiveCfg = Debug|Any CPU
		{3D46598C-C3C1-43B7-A7D9-8BAD49344527}.Debug|Any CPU.Build.0 = Debug|Any CPU
		{3D46598C-C3C1-43B7-A7D9-8BAD49344527}.Release|Any CPU.ActiveCfg = Release|Any CPU
		{3D46598C-C3C1-43B7-A7D9-8BAD49344527}.Release|Any CPU.Build.0 = Release|Any CPU
		{003C30F8-C5F5-476C-AE6B-5A5D490D6785}.Debug|Any CPU.ActiveCfg = Debug|Any CPU
		{003C30F8-C5F5-476C-AE6B-5A5D490D6785}.Debug|Any CPU.Build.0 = Debug|Any CPU
		{003C30F8-C5F5-476C-AE6B-5A5D490D6785}.Release|Any CPU.ActiveCfg = Release|Any CPU
		{003C30F8-C5F5-476C-AE6B-5A5D490D6785}.Release|Any CPU.Build.0 = Release|Any CPU
		{88724894-5EF7-45F2-8B29-BBDA6B848644}.Debug|Any CPU.ActiveCfg = Debug|Any CPU
		{88724894-5EF7-45F2-8B29-BBDA6B848644}.Debug|Any CPU.Build.0 = Debug|Any CPU
		{88724894-5EF7-45F2-8B29-BBDA6B848644}.Release|Any CPU.ActiveCfg = Release|Any CPU
		{88724894-5EF7-45F2-8B29-BBDA6B848644}.Release|Any CPU.Build.0 = Release|Any CPU
		{0AFCC6DA-7AC7-4DE2-8791-F0C4EB2089A4}.Debug|Any CPU.ActiveCfg = Debug|Any CPU
		{0AFCC6DA-7AC7-4DE2-8791-F0C4EB2089A4}.Debug|Any CPU.Build.0 = Debug|Any CPU
		{0AFCC6DA-7AC7-4DE2-8791-F0C4EB2089A4}.Release|Any CPU.ActiveCfg = Release|Any CPU
		{0AFCC6DA-7AC7-4DE2-8791-F0C4EB2089A4}.Release|Any CPU.Build.0 = Release|Any CPU
		{A679F641-AA70-4D58-AC44-DDDC97BCC7AC}.Debug|Any CPU.ActiveCfg = Debug|Any CPU
		{A679F641-AA70-4D58-AC44-DDDC97BCC7AC}.Debug|Any CPU.Build.0 = Debug|Any CPU
		{A679F641-AA70-4D58-AC44-DDDC97BCC7AC}.Release|Any CPU.ActiveCfg = Release|Any CPU
		{A679F641-AA70-4D58-AC44-DDDC97BCC7AC}.Release|Any CPU.Build.0 = Release|Any CPU
		{B3B24089-A544-4E98-B079-8E7905BE04CE}.Debug|Any CPU.ActiveCfg = Debug|Any CPU
		{B3B24089-A544-4E98-B079-8E7905BE04CE}.Debug|Any CPU.Build.0 = Debug|Any CPU
		{B3B24089-A544-4E98-B079-8E7905BE04CE}.Release|Any CPU.ActiveCfg = Release|Any CPU
		{B3B24089-A544-4E98-B079-8E7905BE04CE}.Release|Any CPU.Build.0 = Release|Any CPU
		{BFD77384-FB61-470A-80E1-3D7995832AEB}.Debug|Any CPU.ActiveCfg = Debug|Any CPU
		{BFD77384-FB61-470A-80E1-3D7995832AEB}.Debug|Any CPU.Build.0 = Debug|Any CPU
		{BFD77384-FB61-470A-80E1-3D7995832AEB}.Release|Any CPU.ActiveCfg = Release|Any CPU
		{BFD77384-FB61-470A-80E1-3D7995832AEB}.Release|Any CPU.Build.0 = Release|Any CPU
		{A4C53421-8A59-4675-B33A-A2ECF0DC2FEB}.Debug|Any CPU.ActiveCfg = Debug|Any CPU
		{A4C53421-8A59-4675-B33A-A2ECF0DC2FEB}.Debug|Any CPU.Build.0 = Debug|Any CPU
		{A4C53421-8A59-4675-B33A-A2ECF0DC2FEB}.Release|Any CPU.ActiveCfg = Release|Any CPU
		{A4C53421-8A59-4675-B33A-A2ECF0DC2FEB}.Release|Any CPU.Build.0 = Release|Any CPU
		{FB02C401-F935-4EFA-8AA3-89298BA185E3}.Debug|Any CPU.ActiveCfg = Debug|Any CPU
		{FB02C401-F935-4EFA-8AA3-89298BA185E3}.Debug|Any CPU.Build.0 = Debug|Any CPU
		{FB02C401-F935-4EFA-8AA3-89298BA185E3}.Release|Any CPU.ActiveCfg = Release|Any CPU
		{FB02C401-F935-4EFA-8AA3-89298BA185E3}.Release|Any CPU.Build.0 = Release|Any CPU
	EndGlobalSection
	GlobalSection(NestedProjects) = preSolution
		{8A21881D-4EF2-4ED6-8E18-4CF37241405B} = {E40CF2EB-6E5F-4C83-82ED-52039F98B16B}
		{3D46598C-C3C1-43B7-A7D9-8BAD49344527} = {8A21881D-4EF2-4ED6-8E18-4CF37241405B}
		{003C30F8-C5F5-476C-AE6B-5A5D490D6785} = {8A21881D-4EF2-4ED6-8E18-4CF37241405B}
		{88724894-5EF7-45F2-8B29-BBDA6B848644} = {8A21881D-4EF2-4ED6-8E18-4CF37241405B}
		{0AFCC6DA-7AC7-4DE2-8791-F0C4EB2089A4} = {8A21881D-4EF2-4ED6-8E18-4CF37241405B}
		{A679F641-AA70-4D58-AC44-DDDC97BCC7AC} = {8A21881D-4EF2-4ED6-8E18-4CF37241405B}
		{B2AF934F-B060-4013-B2AA-48DAB137A325} = {E40CF2EB-6E5F-4C83-82ED-52039F98B16B}
		{B3B24089-A544-4E98-B079-8E7905BE04CE} = {B2AF934F-B060-4013-B2AA-48DAB137A325}
		{BFD77384-FB61-470A-80E1-3D7995832AEB} = {B2AF934F-B060-4013-B2AA-48DAB137A325}
		{A4C53421-8A59-4675-B33A-A2ECF0DC2FEB} = {B2AF934F-B060-4013-B2AA-48DAB137A325}
		{FB02C401-F935-4EFA-8AA3-89298BA185E3} = {B2AF934F-B060-4013-B2AA-48DAB137A325}
	EndGlobalSection
EndGlobal
